
Microsoft Visual Studio Solution File, Format Version 12.00
# Visual Studio 14
VisualStudioVersion = 14.0.24720.0
MinimumVisualStudioVersion = 10.0.40219.1
Project("{2150E333-8FDC-42A3-9474-1A3956D46DE8}") = "Solution Items", "Solution Items", "{EA02F523-F465-4375-B1F9-D2D0E9113A60}"
	ProjectSection(SolutionItems) = preProject
		ReadMe.txt = ReadMe.txt
	EndProjectSection
EndProject
Project("{FAE04EC0-301F-11D3-BF4B-00C04F79EFBC}") = "WcfEnsFx.Core", "Core\WcfEnsFx.Core.csproj", "{6CD0BB17-2986-4A6D-BEB5-C2C41E16B881}"
EndProject
Project("{2150E333-8FDC-42A3-9474-1A3956D46DE8}") = "Demo", "Demo", "{DCD5397B-C896-4B61-93D8-4BE4B64FFB72}"
EndProject
Project("{FAE04EC0-301F-11D3-BF4B-00C04F79EFBC}") = "MyEnsServer", "MyEnsServer\MyEnsServer.csproj", "{C5E2579A-8D39-42F3-A045-846456E60C19}"
EndProject
Project("{FAE04EC0-301F-11D3-BF4B-00C04F79EFBC}") = "MyContract", "MyContract\MyContract.csproj", "{4B8BFF48-18A2-4397-A240-3C20791ADEFC}"
EndProject
Project("{FAE04EC0-301F-11D3-BF4B-00C04F79EFBC}") = "MyTcpSubscriber", "MyTcpSubscriber\MyTcpSubscriber.csproj", "{4F8D1DF5-8935-40ED-A987-77004887A6A4}"
EndProject
Project("{FAE04EC0-301F-11D3-BF4B-00C04F79EFBC}") = "MyPublisher", "MyPublisher\MyPublisher.csproj", "{7071E3BF-E320-4AC4-81B3-64C6641DC4DC}"
EndProject
Project("{FAE04EC0-301F-11D3-BF4B-00C04F79EFBC}") = "MyForms", "MyForms\MyForms.csproj", "{D16D1484-02E8-46B3-9C74-004F44DA5BD9}"
EndProject
Project("{FAE04EC0-301F-11D3-BF4B-00C04F79EFBC}") = "MyHttpSubscriber", "MyHttpSubscriber\MyHttpSubscriber.csproj", "{5CC739B0-E540-4B87-B7D7-B4253E87ABF0}"
EndProject
Project("{FAE04EC0-301F-11D3-BF4B-00C04F79EFBC}") = "MyIpcSubscriber", "MyIpcSubscriber\MyIpcSubscriber.csproj", "{277200D1-A473-4D35-AAA0-7D52ACE61872}"
EndProject
Global
	GlobalSection(SolutionConfigurationPlatforms) = preSolution
		Debug|Any CPU = Debug|Any CPU
		Release|Any CPU = Release|Any CPU
	EndGlobalSection
	GlobalSection(ProjectConfigurationPlatforms) = postSolution
		{6CD0BB17-2986-4A6D-BEB5-C2C41E16B881}.Debug|Any CPU.ActiveCfg = Debug|Any CPU
		{6CD0BB17-2986-4A6D-BEB5-C2C41E16B881}.Debug|Any CPU.Build.0 = Debug|Any CPU
		{6CD0BB17-2986-4A6D-BEB5-C2C41E16B881}.Release|Any CPU.ActiveCfg = Release|Any CPU
		{6CD0BB17-2986-4A6D-BEB5-C2C41E16B881}.Release|Any CPU.Build.0 = Release|Any CPU
		{C5E2579A-8D39-42F3-A045-846456E60C19}.Debug|Any CPU.ActiveCfg = Debug|Any CPU
		{C5E2579A-8D39-42F3-A045-846456E60C19}.Debug|Any CPU.Build.0 = Debug|Any CPU
		{C5E2579A-8D39-42F3-A045-846456E60C19}.Release|Any CPU.ActiveCfg = Release|Any CPU
		{C5E2579A-8D39-42F3-A045-846456E60C19}.Release|Any CPU.Build.0 = Release|Any CPU
		{4B8BFF48-18A2-4397-A240-3C20791ADEFC}.Debug|Any CPU.ActiveCfg = Debug|Any CPU
		{4B8BFF48-18A2-4397-A240-3C20791ADEFC}.Debug|Any CPU.Build.0 = Debug|Any CPU
		{4B8BFF48-18A2-4397-A240-3C20791ADEFC}.Release|Any CPU.ActiveCfg = Release|Any CPU
		{4B8BFF48-18A2-4397-A240-3C20791ADEFC}.Release|Any CPU.Build.0 = Release|Any CPU
		{4F8D1DF5-8935-40ED-A987-77004887A6A4}.Debug|Any CPU.ActiveCfg = Debug|Any CPU
		{4F8D1DF5-8935-40ED-A987-77004887A6A4}.Debug|Any CPU.Build.0 = Debug|Any CPU
		{4F8D1DF5-8935-40ED-A987-77004887A6A4}.Release|Any CPU.ActiveCfg = Release|Any CPU
		{4F8D1DF5-8935-40ED-A987-77004887A6A4}.Release|Any CPU.Build.0 = Release|Any CPU
		{7071E3BF-E320-4AC4-81B3-64C6641DC4DC}.Debug|Any CPU.ActiveCfg = Debug|Any CPU
		{7071E3BF-E320-4AC4-81B3-64C6641DC4DC}.Debug|Any CPU.Build.0 = Debug|Any CPU
		{7071E3BF-E320-4AC4-81B3-64C6641DC4DC}.Release|Any CPU.ActiveCfg = Release|Any CPU
		{7071E3BF-E320-4AC4-81B3-64C6641DC4DC}.Release|Any CPU.Build.0 = Release|Any CPU
		{D16D1484-02E8-46B3-9C74-004F44DA5BD9}.Debug|Any CPU.ActiveCfg = Debug|Any CPU
		{D16D1484-02E8-46B3-9C74-004F44DA5BD9}.Debug|Any CPU.Build.0 = Debug|Any CPU
		{D16D1484-02E8-46B3-9C74-004F44DA5BD9}.Release|Any CPU.ActiveCfg = Release|Any CPU
		{D16D1484-02E8-46B3-9C74-004F44DA5BD9}.Release|Any CPU.Build.0 = Release|Any CPU
		{5CC739B0-E540-4B87-B7D7-B4253E87ABF0}.Debug|Any CPU.ActiveCfg = Debug|Any CPU
		{5CC739B0-E540-4B87-B7D7-B4253E87ABF0}.Debug|Any CPU.Build.0 = Debug|Any CPU
		{5CC739B0-E540-4B87-B7D7-B4253E87ABF0}.Release|Any CPU.ActiveCfg = Release|Any CPU
		{5CC739B0-E540-4B87-B7D7-B4253E87ABF0}.Release|Any CPU.Build.0 = Release|Any CPU
		{277200D1-A473-4D35-AAA0-7D52ACE61872}.Debug|Any CPU.ActiveCfg = Debug|Any CPU
		{277200D1-A473-4D35-AAA0-7D52ACE61872}.Debug|Any CPU.Build.0 = Debug|Any CPU
		{277200D1-A473-4D35-AAA0-7D52ACE61872}.Release|Any CPU.ActiveCfg = Release|Any CPU
		{277200D1-A473-4D35-AAA0-7D52ACE61872}.Release|Any CPU.Build.0 = Release|Any CPU
	EndGlobalSection
	GlobalSection(SolutionProperties) = preSolution
		HideSolutionNode = FALSE
	EndGlobalSection
	GlobalSection(NestedProjects) = preSolution
		{C5E2579A-8D39-42F3-A045-846456E60C19} = {DCD5397B-C896-4B61-93D8-4BE4B64FFB72}
		{4B8BFF48-18A2-4397-A240-3C20791ADEFC} = {DCD5397B-C896-4B61-93D8-4BE4B64FFB72}
		{4F8D1DF5-8935-40ED-A987-77004887A6A4} = {DCD5397B-C896-4B61-93D8-4BE4B64FFB72}
		{7071E3BF-E320-4AC4-81B3-64C6641DC4DC} = {DCD5397B-C896-4B61-93D8-4BE4B64FFB72}
		{D16D1484-02E8-46B3-9C74-004F44DA5BD9} = {DCD5397B-C896-4B61-93D8-4BE4B64FFB72}
		{5CC739B0-E540-4B87-B7D7-B4253E87ABF0} = {DCD5397B-C896-4B61-93D8-4BE4B64FFB72}
		{277200D1-A473-4D35-AAA0-7D52ACE61872} = {DCD5397B-C896-4B61-93D8-4BE4B64FFB72}
	EndGlobalSection
EndGlobal
